{
  "name": "iot",
  "version": "1.0.0",
  "lockfileVersion": 3,
  "requires": true,
  "packages": {
    "": {
      "name": "iot",
      "version": "1.0.0",
      "devDependencies": {
        "better-npm-run": "^0.1.1"
      }
    },
    "node_modules/better-npm-run": {
      "version": "0.1.1",
      "resolved": "https://registry.npmjs.org/better-npm-run/-/better-npm-run-0.1.1.tgz",
      "integrity": "sha512-SBBYsUsb6bYcUMF9QUWy39GX5kzD4CoRBP11gx/k5jYkUr4Tr+irAokIeQX5FgfCRz0Q27rt8U0J4D2TlRgQFA==",
      "dev": true,
      "dependencies": {
        "commander": "^2.9.0",
        "dotenv": "^2.0.0",
        "object-assign": "^4.0.1"
      },
      "bin": {
        "better-npm-run": "index.js",
        "bnr": "index.js"
      }
    },
    "node_modules/commander": {
      "version": "2.20.3",
      "resolved": "https://registry.npmjs.org/commander/-/commander-2.20.3.tgz",
      "integrity": "sha512-GpVkmM8vF2vQUkj2LvZmD35JxeJOLCwJ9cUkugyk2nuhbv3+mJvpLYYt+0+USMxE+oj+ey/lJEnhZw75x/OMcQ==",
      "dev": true
    },
    "node_modules/dotenv": {
      "version": "2.0.0",
      "resolved": "https://registry.npmjs.org/dotenv/-/dotenv-2.0.0.tgz",
      "integrity": "sha512-Y+zZAmv7p2zOdpyZcSIA+aIxohsyfTcNaMeh3YJn9exq85bQhso65Wz9IhjYYNB4zyvXnfi7Ae+FuygARljVJw==",
      "dev": true
    },
    "node_modules/object-assign": {
      "version": "4.1.1",
      "resolved": "https://registry.npmjs.org/object-assign/-/object-assign-4.1.1.tgz",
      "integrity": "sha512-rJgTQnkUnH1sFw8yT6VSU3zD3sWmu6sZhIseY8VX+GRu3P6F7Fu+JNDoXfklElbLJSnc3FUQHVe4cU5hj+BcUg==",
      "dev": true,
      "engines": {
        "node": ">=0.10.0"
      }
    }
  }
}
